Microsoft Visual Studio Solution File, Format Version 12.00
# Visual Studio Version 17
VisualStudioVersion = 17.5.2.0
MinimumVisualStudioVersion = 10.0.40219.1
Project("{FAE04EC0-301F-11D3-BF4B-00C04F79EFBC}") = "CarRentalSearch.Api", "CarRentalSearch.Api\CarRentalSearch.Api.csproj", "{AE6BFD37-B705-0DCD-D168-2FC46A115423}"
EndProject
Project("{FAE04EC0-301F-11D3-BF4B-00C04F79EFBC}") = "CarRentalSearch.Domain", "CarRentalSearch.Domain\CarRentalSearch.Domain.csproj", "{02FE3F3E-D1B2-4D2E-820B-BA74F907A8C3}"
EndProject
Project("{FAE04EC0-301F-11D3-BF4B-00C04F79EFBC}") = "CarRentalSearch.Infrastructure", "CarRentalSearch.Infrastructure\CarRentalSearch.Infrastructure.csproj", "{0202647E-AB91-45EF-A36F-60142E39DB66}"
EndProject
Global
	GlobalSection(SolutionConfigurationPlatforms) = preSolution
		Debug|Any CPU = Debug|Any CPU
		Release|Any CPU = Release|Any CPU
	EndGlobalSection
	GlobalSection(ProjectConfigurationPlatforms) = postSolution
		{AE6BFD37-B705-0DCD-D168-2FC46A115423}.Debug|Any CPU.ActiveCfg = Debug|Any CPU
		{AE6BFD37-B705-0DCD-D168-2FC46A115423}.Debug|Any CPU.Build.0 = Debug|Any CPU
		{AE6BFD37-B705-0DCD-D168-2FC46A115423}.Release|Any CPU.ActiveCfg = Release|Any CPU
		{AE6BFD37-B705-0DCD-D168-2FC46A115423}.Release|Any CPU.Build.0 = Release|Any CPU
		{02FE3F3E-D1B2-4D2E-820B-BA74F907A8C3}.Debug|Any CPU.ActiveCfg = Debug|Any CPU
		{02FE3F3E-D1B2-4D2E-820B-BA74F907A8C3}.Debug|Any CPU.Build.0 = Debug|Any CPU
		{02FE3F3E-D1B2-4D2E-820B-BA74F907A8C3}.Release|Any CPU.ActiveCfg = Release|Any CPU
		{02FE3F3E-D1B2-4D2E-820B-BA74F907A8C3}.Release|Any CPU.Build.0 = Release|Any CPU
		{0202647E-AB91-45EF-A36F-60142E39DB66}.Debug|Any CPU.ActiveCfg = Debug|Any CPU
		{0202647E-AB91-45EF-A36F-60142E39DB66}.Debug|Any CPU.Build.0 = Debug|Any CPU
		{0202647E-AB91-45EF-A36F-60142E39DB66}.Release|Any CPU.ActiveCfg = Release|Any CPU
		{0202647E-AB91-45EF-A36F-60142E39DB66}.Release|Any CPU.Build.0 = Release|Any CPU
	EndGlobalSection
	GlobalSection(SolutionProperties) = preSolution
		HideSolutionNode = FALSE
	EndGlobalSection
	GlobalSection(ExtensibilityGlobals) = postSolution
		SolutionGuid = {5AB36C94-72F1-45EE-9375-FD31BA71E1CF}
	EndGlobalSection
EndGlobal
